{
  "name": "answer_2",
  "version": "1.0.0",
  "lockfileVersion": 1,
  "requires": true,
  "dependencies": {
    "simple-uploader.js": {
      "version": "0.6.0",
      "resolved": "https://registry.npmjs.org/simple-uploader.js/-/simple-uploader.js-0.6.0.tgz",
      "integrity": "sha512-EXN+o+LD6PVnfzTq/usP8k8yYrI6wKrAx8e+fPcPLVzzttonkyn1KT+Ycx5JnPBSnp6lpiVhNG4JhDJucdPnhA=="
    },
    "sweetalert2": {
      "version": "11.4.4",
      "resolved": "https://registry.npmjs.org/sweetalert2/-/sweetalert2-11.4.4.tgz",
      "integrity": "sha512-9yYWQuRT1v9JNI/paPTSYV+68MHwe9C+HQ/I2jtfaFzoJgYRftWXOs4JqmDSjT7m2m4r8ebMMn8LcxD1Wq9B/w=="
    }
  }
}
